# This file is @generated by PDM.
# It is not intended for manual editing.

[metadata]
groups = ["default", "build", "gui", "test", "uvloop"]
strategy = ["inherit_metadata"]
lock_version = "4.5.1"
content_hash = "sha256:5e4483e3a5b8e1ae21db9df5114835f064d8bb691028517f18add412cb46a869"

[[metadata.targets]]
requires_python = ">=3.12,<3.14"

[[package]]
name = "annotated-types"
version = "0.7.0"
requires_python = ">=3.8"
summary = "Reusable constraint types to use with typing.Annotated"
groups = ["default"]
dependencies = [
    "typing-extensions>=4.0.0; python_version < \"3.9\"",
]
files = [
    {file = "annotated_types-0.7.0-py3-none-any.whl", hash = "sha256:1f02e8b43a8fbbc3f3e0d4f0f4bfc8131bcb4eebe8849b8e5c773f3a1c582a53"},
    {file = "annotated_types-0.7.0.tar.gz", hash = "sha256:aff07c09a53a08bc8cfccb9c85b05f1aa9a2a6f23728d790723543408344ce89"},
]

[[package]]
name = "babel"
version = "2.18.0"
requires_python = ">=3.8"
summary = "Internationalization utilities"
groups = ["build"]
dependencies = [
    "pytz>=2015.7; python_version < \"3.9\"",
]
files = [
    {file = "babel-2.18.0-py3-none-any.whl", hash = "sha256:e2b422b277c2b9a9630c1d7903c2a00d0830c409c59ac8cae9081c92f1aeba35"},
    {file = "babel-2.18.0.tar.gz", hash = "sha256:b80b99a14bd085fcacfa15c9165f651fbb3406e66cc603abf11c5750937c992d"},
]

[[package]]
name = "certifi"
version = "2024.12.14"
requires_python = ">=3.6"
summary = "Python package for providing Mozilla's CA Bundle."
groups = ["test"]
files = [
    {file = "certifi-2024.12.14-py3-none-any.whl", hash = "sha256:1275f7a45be9464efc1173084eaa30f866fe2e47d389406136d332ed4967ec56"},
    {file = "certifi-2024.12.14.tar.gz", hash = "sha256:b650d30f370c2b724812bee08008be0c4163b163ddaec3f2546c1caf65f191db"},
]

[[package]]
name = "charset-normalizer"
version = "3.4.0"
requires_python = ">=3.7.0"
summary = "The Real First Universal Charset Detector. Open, modern and actively maintained alternative to Chardet."
groups = ["test"]
files = [
    {file = "charset_normalizer-3.4.0-cp312-cp312-macosx_10_13_universal2.whl", hash = "sha256:0713f3adb9d03d49d365b70b84775d0a0d18e4ab08d12bc46baa6132ba78aaf6"},
    {file = "charset_normalizer-3.4.0-cp312-cp312-macosx_10_13_x86_64.whl", hash = "sha256:de7376c29d95d6719048c194a9cf1a1b0393fbe8488a22008610b0361d834ecf"},
    {file = "charset_normalizer-3.4.0-cp312-cp312-macosx_11_0_arm64.whl", hash = "sha256:4a51b48f42d9358460b78725283f04bddaf44a9358197b889657deba38f329db"},
    {file = "charset_normalizer-3.4.0-cp312-cp312-manylinux_2_17_aarch64.manylinux2014_aarch64.whl", hash = "sha256:b295729485b06c1a0683af02a9e42d2caa9db04a373dc38a6a58cdd1e8abddf1"},
    {file = "charset_normalizer-3.4.0-cp312-cp312-manylinux_2_17_ppc64le.manylinux2014_ppc64le.whl", hash = "sha256:ee803480535c44e7f5ad00788526da7d85525cfefaf8acf8ab9a310000be4b03"},
    {file = "charset_normalizer-3.4.0-cp312-cp312-manylinux_2_17_s390x.manylinux2014_s390x.whl", hash = "sha256:3d59d125ffbd6d552765510e3f31ed75ebac2c7470c7274195b9161a32350284"},
    {file = "charset_normalizer-3.4.0-cp312-cp312-manylinux_2_17_x86_64.manylinux2014_x86_64.whl", hash = "sha256:8cda06946eac330cbe6598f77bb54e690b4ca93f593dee1568ad22b04f347c15"},
    {file = "charset_normalizer-3.4.0-cp312-cp312-manylinux_2_5_i686.manylinux1_i686.manylinux_2_17_i686.manylinux2014_i686.whl", hash = "sha256:07afec21bbbbf8a5cc3651aa96b980afe2526e7f048fdfb7f1014d84acc8b6d8"},
    {file = "charset_normalizer-3.4.0-cp312-cp312-musllinux_1_2_aarch64.whl", hash = "sha256:6b40e8d38afe634559e398cc32b1472f376a4099c75fe6299ae607e404c033b2"},
    {file = "charset_normalizer-3.4.0-cp312-cp312-musllinux_1_2_i686.whl", hash = "sha256:b8dcd239c743aa2f9c22ce674a145e0a25cb1566c495928440a181ca1ccf6719"},
    {file = "charset_normalizer-3.4.0-cp312-cp312-musllinux_1_2_ppc64le.whl", hash = "sha256:84450ba661fb96e9fd67629b93d2941c871ca86fc38d835d19d4225ff946a631"},
    {file = "charset_normalizer-3.4.0-cp312-cp312-musllinux_1_2_s390x.whl", hash = "sha256:44aeb140295a2f0659e113b31cfe92c9061622cadbc9e2a2f7b8ef6b1e29ef4b"},
    {file = "charset_normalizer-3.4.0-cp312-cp312-musllinux_1_2_x86_64.whl", hash = "sha256:1db4e7fefefd0f548d73e2e2e041f9df5c59e178b4c72fbac4cc6f535cfb1565"},
    {file = "charset_normalizer-3.4.0-cp312-cp312-win32.whl", hash = "sha256:5726cf76c982532c1863fb64d8c6dd0e4c90b6ece9feb06c9f202417a31f7dd7"},
    {file = "charset_normalizer-3.4.0-cp312-cp312-win_amd64.whl", hash = "sha256:b197e7094f232959f8f20541ead1d9862ac5ebea1d58e9849c1bf979255dfac9"},
    {file = "charset_normalizer-3.4.0-cp313-cp313-macosx_10_13_universal2.whl", hash = "sha256:dd4eda173a9fcccb5f2e2bd2a9f423d180194b1bf17cf59e3269899235b2a114"},
    {file = "charset_normalizer-3.4.0-cp313-cp313-macosx_10_13_x86_64.whl", hash = "sha256:e9e3c4c9e1ed40ea53acf11e2a386383c3304212c965773704e4603d589343ed"},
    {file = "charset_normalizer-3.4.0-cp313-cp313-macosx_11_0_arm64.whl", hash = "sha256:92a7e36b000bf022ef3dbb9c46bfe2d52c047d5e3f3343f43204263c5addc250"},
    {file = "charset_normalizer-3.4.0-cp313-cp313-manylinux_2_17_aarch64.manylinux2014_aarch64.whl", hash = "sha256:54b6a92d009cbe2fb11054ba694bc9e284dad30a26757b1e372a1fdddaf21920"},
    {file = "charset_normalizer-3.4.0-cp313-cp313-manylinux_2_17_ppc64le.manylinux2014_ppc64le.whl", hash = "sha256:1ffd9493de4c922f2a38c2bf62b831dcec90ac673ed1ca182fe11b4d8e9f2a64"},
    {file = "charset_normalizer-3.4.0-cp313-cp313-manylinux_2_17_s390x.manylinux2014_s390x.whl", hash = "sha256:35c404d74c2926d0287fbd63ed5d27eb911eb9e4a3bb2c6d294f3cfd4a9e0c23"},
    {file = "charset_normalizer-3.4.0-cp313-cp313-manylinux_2_17_x86_64.manylinux2014_x86_64.whl", hash = "sha256:4796efc4faf6b53a18e3d46343535caed491776a22af773f366534056c4e1fbc"},
    {file = "charset_normalizer-3.4.0-cp313-cp313-manylinux_2_5_i686.manylinux1_i686.manylinux_2_17_i686.manylinux2014_i686.whl", hash = "sha256:e7fdd52961feb4c96507aa649550ec2a0d527c086d284749b2f582f2d40a2e0d"},
    {file = "charset_normalizer-3.4.0-cp313-cp313-musllinux_1_2_aarch64.whl", hash = "sha256:92db3c28b5b2a273346bebb24857fda45601aef6ae1c011c0a997106581e8a88"},
    {file = "charset_normalizer-3.4.0-cp313-cp313-musllinux_1_2_i686.whl", hash = "sha256:ab973df98fc99ab39080bfb0eb3a925181454d7c3ac8a1e695fddfae696d9e90"},
    {file = "charset_normalizer-3.4.0-cp313-cp313-musllinux_1_2_ppc64le.whl", hash = "sha256:4b67fdab07fdd3c10bb21edab3cbfe8cf5696f453afce75d815d9d7223fbe88b"},
    {file = "charset_normalizer-3.4.0-cp313-cp313-musllinux_1_2_s390x.whl", hash = "sha256:aa41e526a5d4a9dfcfbab0716c7e8a1b215abd3f3df5a45cf18a12721d31cb5d"},
    {file = "charset_normalizer-3.4.0-cp313-cp313-musllinux_1_2_x86_64.whl", hash = "sha256:ffc519621dce0c767e96b9c53f09c5d215578e10b02c285809f76509a3931482"},
    {file = "charset_normalizer-3.4.0-cp313-cp313-win32.whl", hash = "sha256:f19c1585933c82098c2a520f8ec1227f20e339e33aca8fa6f956f6691b784e67"},
    {file = "charset_normalizer-3.4.0-cp313-cp313-win_amd64.whl", hash = "sha256:707b82d19e65c9bd28b81dde95249b07bf9f5b90ebe1ef17d9b57473f8a64b7b"},
    {file = "charset_normalizer-3.4.0-py3-none-any.whl", hash = "sha256:fe9f97feb71aa9896b81973a7bbada8c49501dc73e58a10fcef6663af95e5079"},
    {file = "charset_normalizer-3.4.0.tar.gz", hash = "sha256:223217c3d4f82c3ac5e29032b3f1c2eb0fb591b72161f86d93f5719079dae93e"},
]

[[package]]
name = "colorama"
version = "0.4.6"
requires_python = "!=3.0.*,!=3.1.*,!=3.2.*,!=3.3.*,!=3.4.*,!=3.5.*,!=3.6.*,>=2.7"
summary = "Cross-platform colored terminal text."
groups = ["test"]
marker = "sys_platform == \"win32\""
files = [
    {file = "colorama-0.4.6-py2.py3-none-any.whl", hash = "sha256:4f1d9991f5acc0ca119f9d443620b77f9d6b33703e51011c16baf57afb285fc6"},
    {file = "colorama-0.4.6.tar.gz", hash = "sha256:08695f5cb7ed6e0531a20572697297273c47b8cae5a63ffc6d6ed5c201be6e44"},
]

[[package]]
name = "coverage"
version = "7.16.0"
requires_python = ">=3.10"
summary = "Code coverage measurement for Python"
groups = ["test"]
files = [
    {file = "coverage-7.16.0-cp312-cp312-macosx_10_13_x86_64.whl", hash = "sha256:d1c77c3579ac42798f8b7eed6d3dd258debacca32c8753fc8a1f6eaf1db644f5"},
    {file = "coverage-7.16.0-cp312-cp312-macosx_11_0_arm64.whl", hash = "sha256:1f81cb1554c3712e41649ed5dc98656b50b958e4da12f0f5adb681ce3db92831"},
    {file = "coverage-7.16.0-cp312-cp312-manylinux1_i686.manylinux_2_28_i686.manylinux_2_5_i686.whl", hash = "sha256:6e701938ec9081d3e400a0c9a9a8ae0f7ca44214741daeac4454b1c6ef6dbd19"},
    {file = "coverage-7.16.0-cp312-cp312-manylinux1_x86_64.manylinux_2_28_x86_64.manylinux_2_5_x86_64.whl", hash = "sha256:719a3feb6220dd32ed932d4c3676d17fb8739e2643b29c0e7c3af400ff80ac44"},
    {file = "coverage-7.16.0-cp312-cp312-manylinux2014_aarch64.manylinux_2_17_aarch64.manylinux_2_28_aarch64.whl", hash = "sha256:87771ecf986cff55e87413238cd5e4f54d949c2074bd6fc1657d26a56314ee24"},
    {file = "coverage-7.16.0-cp312-cp312-manylinux2014_ppc64le.manylinux_2_17_ppc64le.manylinux_2_28_ppc64le.whl", hash = "sha256:47d5e1fc0b321c8308a2aacee0497c435b08acaa629b7059798fdf6fc3006352"},
    {file = "coverage-7.16.0-cp312-cp312-manylinux_2_31_riscv64.manylinux_2_39_riscv64.whl", hash = "sha256:01b18b8a6c9cec8d5f45550e2501426ed982cf2c35016b0acd2ba9b5d8b2fb06"},
    {file = "coverage-7.16.0-cp312-cp312-musllinux_1_2_aarch64.whl", hash = "sha256:32c56b5b47c50635081445ac404dd08c2d591b9c837c22570aa9e182c3b42cd4"},
    {file = "coverage-7.16.0-cp312-cp312-musllinux_1_2_i686.whl", hash = "sha256:6ad3bbad240ab937512156bc944fdee63ac4dd34a7558a3094548fd4c1150c02"},
    {file = "coverage-7.16.0-cp312-cp312-musllinux_1_2_ppc64le.whl", hash = "sha256:4c1f16d5555a195295d0dc9c902612270e3dfed6a11f3bf7bc470b7b6a79ed3c"},
    {file = "coverage-7.16.0-cp312-cp312-musllinux_1_2_riscv64.whl", hash = "sha256:f6c9c21a8bf0d19788f3c5f3e020c90317a0a63ef60521b376003801e21250fb"},
    {file = "coverage-7.16.0-cp312-cp312-musllinux_1_2_x86_64.whl", hash = "sha256:06f20145a9eb5bf1fd1dde3c0bc2af2e7c22135ab07ca6284d6ada7cc3904c4e"},
    {file = "coverage-7.16.0-cp312-cp312-win32.whl", hash = "sha256:916cf8d25c1ce148f7eceb1d45afc9724841200110adc4e53250391852debd91"},
    {file = "coverage-7.16.0-cp312-cp312-win_amd64.whl", hash = "sha256:78f8b56261d608be102c62edd3a60b66bcd0b581f3f86fdcabaf8b8d95adc950"},
    {file = "coverage-7.16.0-cp312-cp312-win_arm64.whl", hash = "sha256:577c2ac8c0036f6f8edd3a7783a9e67302b17771d1abf0fd2ed246e3158be51b"},
    {file = "coverage-7.16.0-cp313-cp313-macosx_10_13_x86_64.whl", hash = "sha256:1545c52ce756b8a97007f439a220297f1cd72a2cbbcdffccdf1c1f70e74f9a42"},
    {file = "coverage-7.16.0-cp313-cp313-macosx_11_0_arm64.whl", hash = "sha256:0598aadae641f30a0796b75b45c0b9c5de8619bd5cfb251bb0cc254e86e6dd13"},
    {file = "coverage-7.16.0-cp313-cp313-manylinux1_i686.manylinux_2_28_i686.manylinux_2_5_i686.whl", hash = "sha256:4080ad6bad9f14690e6b2104f5e8d137ccc65a4b5427a36662090637d4bd16d5"},
    {file = "coverage-7.16.0-cp313-cp313-manylinux1_x86_64.manylinux_2_28_x86_64.manylinux_2_5_x86_64.whl", hash = "sha256:e9883a2f8206ce3af59117dc278e5d043fea06912bca3f199816129e5e2de354"},
    {file = "coverage-7.16.0-cp313-cp313-manylinux2014_aarch64.manylinux_2_17_aarch64.manylinux_2_28_aarch64.whl", hash = "sha256:984e5430fc6f858385009e92549955157d79335b1f3e13e1031e0f89d1284261"},
    {file = "coverage-7.16.0-cp313-cp313-manylinux2014_ppc64le.manylinux_2_17_ppc64le.manylinux_2_28_ppc64le.whl", hash = "sha256:b1374099dd1ad0d31fbb6c95d00a56a3c5e85fb3343dca14fc12f78323a2b42a"},
    {file = "coverage-7.16.0-cp313-cp313-manylinux_2_31_riscv64.manylinux_2_39_riscv64.whl", hash = "sha256:34d8686bce035c8465b318a8c2890e69ba14a00801a27f4eb6bdc97c23944d87"},
    {file = "coverage-7.16.0-cp313-cp313-musllinux_1_2_aarch64.whl", hash = "sha256:857fceba6ff4b507ee0ad98798a33d544a8473df0c542bf04251ee4ed5ee6292"},
    {file = "coverage-7.16.0-cp313-cp313-musllinux_1_2_i686.whl", hash = "sha256:bbf08d951abaa1ce89e28c998361d56b952413846b459cd017f116ad4c9adbfa"},
    {file = "coverage-7.16.0-cp313-cp313-musllinux_1_2_ppc64le.whl", hash = "sha256:1a03e78f53e4d2ab13adac19958a89322d1829913e5623d642627bf60b35da21"},
    {file = "coverage-7.16.0-cp313-cp313-musllinux_1_2_riscv64.whl", hash = "sha256:dcd3dafcdd78305d27c59a1006b53a4990acb89e68d8fbe0992f4f83503c827f"},
    {file = "coverage-7.16.0-cp313-cp313-musllinux_1_2_x86_64.whl", hash = "sha256:c1bcfe470a796fbea6234accd81d258a31574dc0b7bf569e16be757572c4de17"},
    {file = "coverage-7.16.0-cp313-cp313-win32.whl", hash = "sha256:1420370276f1694b663207b8245c3628aafb9624fe3cebf313a13d860e55ee67"},
    {file = "coverage-7.16.0-cp313-cp313-win_amd64.whl", hash = "sha256:496277c8d7beed695e02c7be53516a0152e4caef8738a0feab6a638546cce449"},
    {file = "coverage-7.16.0-cp313-cp313-win_arm64.whl", hash = "sha256:181c2906b9b3759955c1c33c51fbb91c754fbd0b82ea49e2c81061f5a052082c"},
    {file = "coverage-7.16.0-py3-none-any.whl", hash = "sha256:245f7de6d023a5bba375dbec9f2e0869bfa26ac0cc639bbb7b4c814884000b73"},
    {file = "coverage-7.16.0.tar.gz", hash = "sha256:077f0964087883176ff6ab9b074694cae29f8c708273b13ca62c183c6ed716cd"},
]

[[package]]
name = "coverage"
version = "7.16.0"
extras = ["toml"]
requires_python = ">=3.10"
summary = "Code coverage measurement for Python"
groups = ["test"]
dependencies = [
    "coverage==7.16.0",
    "tomli; python_full_version <= \"3.11.0a6\"",
]
files = [
    {file = "coverage-7.16.0-cp312-cp312-macosx_10_13_x86_64.whl", hash = "sha256:d1c77c3579ac42798f8b7eed6d3dd258debacca32c8753fc8a1f6eaf1db644f5"},
    {file = "coverage-7.16.0-cp312-cp312-macosx_11_0_arm64.whl", hash = "sha256:1f81cb1554c3712e41649ed5dc98656b50b958e4da12f0f5adb681ce3db92831"},
    {file = "coverage-7.16.0-cp312-cp312-manylinux1_i686.manylinux_2_28_i686.manylinux_2_5_i686.whl", hash = "sha256:6e701938ec9081d3e400a0c9a9a8ae0f7ca44214741daeac4454b1c6ef6dbd19"},
    {file = "coverage-7.16.0-cp312-cp312-manylinux1_x86_64.manylinux_2_28_x86_64.manylinux_2_5_x86_64.whl", hash = "sha256:719a3feb6220dd32ed932d4c3676d17fb8739e2643b29c0e7c3af400ff80ac44"},
    {file = "coverage-7.16.0-cp312-cp312-manylinux2014_aarch64.manylinux_2_17_aarch64.manylinux_2_28_aarch64.whl", hash = "sha256:87771ecf986cff55e87413238cd5e4f54d949c2074bd6fc1657d26a56314ee24"},
    {file = "coverage-7.16.0-cp312-cp312-manylinux2014_ppc64le.manylinux_2_17_ppc64le.manylinux_2_28_ppc64le.whl", hash = "sha256:47d5e1fc0b321c8308a2aacee0497c435b08acaa629b7059798fdf6fc3006352"},
    {file = "coverage-7.16.0-cp312-cp312-manylinux_2_31_riscv64.manylinux_2_39_riscv64.whl", hash = "sha256:01b18b8a6c9cec8d5f45550e2501426ed982cf2c35016b0acd2ba9b5d8b2fb06"},
    {file = "coverage-7.16.0-cp312-cp312-musllinux_1_2_aarch64.whl", hash = "sha256:32c56b5b47c50635081445ac404dd08c2d591b9c837c22570aa9e182c3b42cd4"},
    {file = "coverage-7.16.0-cp312-cp312-musllinux_1_2_i686.whl", hash = "sha256:6ad3bbad240ab937512156bc944fdee63ac4dd34a7558a3094548fd4c1150c02"},
    {file = "coverage-7.16.0-cp312-cp312-musllinux_1_2_ppc64le.whl", hash = "sha256:4c1f16d5555a195295d0dc9c902612270e3dfed6a11f3bf7bc470b7b6a79ed3c"},
    {file = "coverage-7.16.0-cp312-cp312-musllinux_1_2_riscv64.whl", hash = "sha256:f6c9c21a8bf0d19788f3c5f3e020c90317a0a63ef60521b376003801e21250fb"},
    {file = "coverage-7.16.0-cp312-cp312-musllinux_1_2_x86_64.whl", hash = "sha256:06f20145a9eb5bf1fd1dde3c0bc2af2e7c22135ab07ca6284d6ada7cc3904c4e"},
    {file = "coverage-7.16.0-cp312-cp312-win32.whl", hash = "sha256:916cf8d25c1ce148f7eceb1d45afc9724841200110adc4e53250391852debd91"},
    {file = "coverage-7.16.0-cp312-cp312-win_amd64.whl", hash = "sha256:78f8b56261d608be102c62edd3a60b66bcd0b581f3f86fdcabaf8b8d95adc950"},
    {file = "coverage-7.16.0-cp312-cp312-win_arm64.whl", hash = "sha256:577c2ac8c0036f6f8edd3a7783a9e67302b17771d1abf0fd2ed246e3158be51b"},
    {file = "coverage-7.16.0-cp313-cp313-macosx_10_13_x86_64.whl", hash = "sha256:1545c52ce756b8a97007f439a220297f1cd72a2cbbcdffccdf1c1f70e74f9a42"},
    {file = "coverage-7.16.0-cp313-cp313-macosx_11_0_arm64.whl", hash = "sha256:0598aadae641f30a0796b75b45c0b9c5de8619bd5cfb251bb0cc254e86e6dd13"},
    {file = "coverage-7.16.0-cp313-cp313-manylinux1_i686.manylinux_2_28_i686.manylinux_2_5_i686.whl", hash = "sha256:4080ad6bad9f14690e6b2104f5e8d137ccc65a4b5427a36662090637d4bd16d5"},
    {file = "coverage-7.16.0-cp313-cp313-manylinux1_x86_64.manylinux_2_28_x86_64.manylinux_2_5_x86_64.whl", hash = "sha256:e9883a2f8206ce3af59117dc278e5d043fea06912bca3f199816129e5e2de354"},
    {file = "coverage-7.16.0-cp313-cp313-manylinux2014_aarch64.manylinux_2_17_aarch64.manylinux_2_28_aarch64.whl", hash = "sha256:984e5430fc6f858385009e92549955157d79335b1f3e13e1031e0f89d1284261"},
    {file = "coverage-7.16.0-cp313-cp313-manylinux2014_ppc64le.manylinux_2_17_ppc64le.manylinux_2_28_ppc64le.whl", hash = "sha256:b1374099dd1ad0d31fbb6c95d00a56a3c5e85fb3343dca14fc12f78323a2b42a"},
    {file = "coverage-7.16.0-cp313-cp313-manylinux_2_31_riscv64.manylinux_2_39_riscv64.whl", hash = "sha256:34d8686bce035c8465b318a8c2890e69ba14a00801a27f4eb6bdc97c23944d87"},
    {file = "coverage-7.16.0-cp313-cp313-musllinux_1_2_aarch64.whl", hash = "sha256:857fceba6ff4b507ee0ad98798a33d544a8473df0c542bf04251ee4ed5ee6292"},
    {file = "coverage-7.16.0-cp313-cp313-musllinux_1_2_i686.whl", hash = "sha256:bbf08d951abaa1ce89e28c998361d56b952413846b459cd017f116ad4c9adbfa"},
    {file = "coverage-7.16.0-cp313-cp313-musllinux_1_2_ppc64le.whl", hash = "sha256:1a03e78f53e4d2ab13adac19958a89322d1829913e5623d642627bf60b35da21"},
    {file = "coverage-7.16.0-cp313-cp313-musllinux_1_2_riscv64.whl", hash = "sha256:dcd3dafcdd78305d27c59a1006b53a4990acb89e68d8fbe0992f4f83503c827f"},
    {file = "coverage-7.16.0-cp313-cp313-musllinux_1_2_x86_64.whl", hash = "sha256:c1bcfe470a796fbea6234accd81d258a31574dc0b7bf569e16be757572c4de17"},
    {file = "coverage-7.16.0-cp313-cp313-win32.whl", hash = "sha256:1420370276f1694b663207b8245c3628aafb9624fe3cebf313a13d860e55ee67"},
    {file = "coverage-7.16.0-cp313-cp313-win_amd64.whl", hash = "sha256:496277c8d7beed695e02c7be53516a0152e4caef8738a0feab6a638546cce449"},
    {file = "coverage-7.16.0-cp313-cp313-win_arm64.whl", hash = "sha256:181c2906b9b3759955c1c33c51fbb91c754fbd0b82ea49e2c81061f5a052082c"},
    {file = "coverage-7.16.0-py3-none-any.whl", hash = "sha256:245f7de6d023a5bba375dbec9f2e0869bfa26ac0cc639bbb7b4c814884000b73"},
    {file = "coverage-7.16.0.tar.gz", hash = "sha256:077f0964087883176ff6ab9b074694cae29f8c708273b13ca62c183c6ed716cd"},
]

[[package]]
name = "greenlet"
version = "3.1.1"
requires_python = ">=3.7"
summary = "Lightweight in-process concurrent programming"
groups = ["default", "test"]
files = [
    {file = "greenlet-3.1.1-cp312-cp312-macosx_11_0_universal2.whl", hash = "sha256:4afe7ea89de619adc868e087b4d2359282058479d7cfb94970adf4b55284574d"},
    {file = "greenlet-3.1.1-cp312-cp312-manylinux_2_17_aarch64.manylinux2014_aarch64.whl", hash = "sha256:f406b22b7c9a9b4f8aa9d2ab13d6ae0ac3e85c9a809bd590ad53fed2bf70dc79"},
    {file = "greenlet-3.1.1-cp312-cp312-manylinux_2_17_ppc64le.manylinux2014_ppc64le.whl", hash = "sha256:c3a701fe5a9695b238503ce5bbe8218e03c3bcccf7e204e455e7462d770268aa"},
    {file = "greenlet-3.1.1-cp312-cp312-manylinux_2_17_s390x.manylinux2014_s390x.whl", hash = "sha256:2846930c65b47d70b9d178e89c7e1a69c95c1f68ea5aa0a58646b7a96df12441"},
    {file = "greenlet-3.1.1-cp312-cp312-manylinux_2_17_x86_64.manylinux2014_x86_64.whl", hash = "sha256:99cfaa2110534e2cf3ba31a7abcac9d328d1d9f1b95beede58294a60348fba36"},
    {file = "greenlet-3.1.1-cp312-cp312-manylinux_2_24_x86_64.manylinux_2_28_x86_64.whl", hash = "sha256:1443279c19fca463fc33e65ef2a935a5b09bb90f978beab37729e1c3c6c25fe9"},
    {file = "greenlet-3.1.1-cp312-cp312-musllinux_1_1_aarch64.whl", hash = "sha256:b7cede291382a78f7bb5f04a529cb18e068dd29e0fb27376074b6d0317bf4dd0"},
    {file = "greenlet-3.1.1-cp312-cp312-musllinux_1_1_x86_64.whl", hash = "sha256:23f20bb60ae298d7d8656c6ec6db134bca379ecefadb0b19ce6f19d1f232a942"},
    {file = "greenlet-3.1.1-cp312-cp312-win_amd64.whl", hash = "sha256:7124e16b4c55d417577c2077be379514321916d5790fa287c9ed6f23bd2ffd01"},
    {file = "greenlet-3.1.1-cp313-cp313-macosx_11_0_universal2.whl", hash = "sha256:05175c27cb459dcfc05d026c4232f9de8913ed006d42713cb8a5137bd49375f1"},
    {file = "greenlet-3.1.1-cp313-cp313-manylinux_2_17_aarch64.manylinux2014_aarch64.whl", hash = "sha256:935e943ec47c4afab8965954bf49bfa639c05d4ccf9ef6e924188f762145c0ff"},
    {file = "greenlet-3.1.1-cp313-cp313-manylinux_2_17_ppc64le.manylinux2014_ppc64le.whl", hash = "sha256:667a9706c970cb552ede35aee17339a18e8f2a87a51fba2ed39ceeeb1004798a"},
    {file = "greenlet-3.1.1-cp313-cp313-manylinux_2_17_s390x.manylinux2014_s390x.whl", hash = "sha256:b8a678974d1f3aa55f6cc34dc480169d58f2e6d8958895d68845fa4ab566509e"},
    {file = "greenlet-3.1.1-cp313-cp313-manylinux_2_17_x86_64.manylinux2014_x86_64.whl", hash = "sha256:efc0f674aa41b92da8c49e0346318c6075d734994c3c4e4430b1c3f853e498e4"},
    {file = "greenlet-3.1.1-cp313-cp313-manylinux_2_24_x86_64.manylinux_2_28_x86_64.whl", hash = "sha256:0153404a4bb921f0ff1abeb5ce8a5131da56b953eda6e14b88dc6bbc04d2049e"},
    {file = "greenlet-3.1.1-cp313-cp313-musllinux_1_1_aarch64.whl", hash = "sha256:275f72decf9932639c1c6dd1013a1bc266438eb32710016a1c742df5da6e60a1"},
    {file = "greenlet-3.1.1-cp313-cp313-musllinux_1_1_x86_64.whl", hash = "sha256:c4aab7f6381f38a4b42f269057aee279ab0fc7bf2e929e3d4abfae97b682a12c"},
    {file = "greenlet-3.1.1-cp313-cp313-win_amd64.whl", hash = "sha256:b42703b1cf69f2aa1df7d1030b9d77d3e584a70755674d60e710f0af570f3761"},
    {file = "greenlet-3.1.1-cp313-cp313t-manylinux_2_17_aarch64.manylinux2014_aarch64.whl", hash = "sha256:f1695e76146579f8c06c1509c7ce4dfe0706f49c6831a817ac04eebb2fd02011"},
    {file = "greenlet-3.1.1-cp313-cp313t-manylinux_2_17_ppc64le.manylinux2014_ppc64le.whl", hash = "sha256:7876452af029456b3f3549b696bb36a06db7c90747740c5302f74a9e9fa14b13"},
    {file = "greenlet-3.1.1-cp313-cp313t-manylinux_2_17_s390x.manylinux2014_s390x.whl", hash = "sha256:4ead44c85f8ab905852d3de8d86f6f8baf77109f9da589cb4fa142bd3b57b475"},
    {file = "greenlet-3.1.1-cp313-cp313t-manylinux_2_17_x86_64.manylinux2014_x86_64.whl", hash = "sha256:8320f64b777d00dd7ccdade271eaf0cad6636343293a25074cc5566160e4de7b"},
    {file = "greenlet-3.1.1-cp313-cp313t-manylinux_2_24_x86_64.manylinux_2_28_x86_64.whl", hash = "sha256:6510bf84a6b643dabba74d3049ead221257603a253d0a9873f55f6a59a65f822"},
    {file = "greenlet-3.1.1-cp313-cp313t-musllinux_1_1_aarch64.whl", hash = "sha256:04b013dc07c96f83134b1e99888e7a79979f1a247e2a9f59697fa14b5862ed01"},
    {file = "greenlet-3.1.1-cp313-cp313t-musllinux_1_1_x86_64.whl", hash = "sha256:411f015496fec93c1c8cd4e5238da364e1da7a124bcb293f085bf2860c32c6f6"},
    {file = "greenlet-3.1.1.tar.gz", hash = "sha256:4ce3ac6cdb6adf7946475d7ef31777c26d94bccc377e070a7986bd2d5c515467"},
]

[[package]]
name = "idna"
version = "3.10"
requires_python = ">=3.6"
summary = "Internationalized Domain Names in Applications (IDNA)"
groups = ["test"]
files = [
    {file = "idna-3.10-py3-none-any.whl", hash = "sha256:946d195a0d259cbba61165e88e65941f16e9b36ea6ddb97f00452bae8b1287d3"},
    {file = "idna-3.10.tar.gz", hash = "sha256:12f65c9b470abda6dc35cf8e63cc574b1c52b11df2c86030af0ac09b01b13ea9"},
]

[[package]]
name = "iniconfig"
version = "2.0.0"
requires_python = ">=3.7"
summary = "brain-dead simple config-ini parsing"
groups = ["test"]
files = [
    {file = "iniconfig-2.0.0-py3-none-any.whl", hash = "sha256:b6a85871a79d2e3b22d2d1b94ac2824226a63c6b741c88f7ae975f18b6778374"},
    {file = "iniconfig-2.0.0.tar.gz", hash = "sha256:2d91e135bf72d31a410b17c16da610a82cb55f6b0477d1a902134b24a455b8b3"},
]

[[package]]
name = "packaging"
version = "24.2"
requires_python = ">=3.8"
summary = "Core utilities for Python packages"
groups = ["test"]
files = [
    {file = "packaging-24.2-py3-none-any.whl", hash = "sha256:09abb1bccd265c01f4a3aa3f7a7db064b36514d2cba19a2f694fe6150451a759"},
    {file = "packaging-24.2.tar.gz", hash = "sha256:c228a6dc5e932d346bc5739379109d49e8853dd8223571c7c5b55260edc0b97f"},
]

[[package]]
name = "platformdirs"
version = "4.11.7"
requires_python = ">=3.10"
summary = "A small Python package for determining appropriate platform-specific dirs, e.g. a `user data dir`."
groups = ["default"]
files = [
    {file = "platformdirs-4.11.7-py3-none-any.whl", hash = "sha256:8a02cb259042c79d1cd0450facc2fe6dc9d303ae7901afbe33bf8ea0b188cef6"},
    {file = "platformdirs-4.11.7.tar.gz", hash = "sha256:4f41487eeeeeb07f3a6625e61d9bc0ae6809f92d3386dbd74392fbb76108104d"},
]

[[package]]
name = "playwright"
version = "1.62.0"
requires_python = ">=3.10"
summary = "A high-level API to automate web browsers"
groups = ["default", "test"]
dependencies = [
    "greenlet<4.0.0,>=3.1.1",
    "pyee<14,>=13",
]
files = [
    {file = "playwright-1.62.0-py3-none-macosx_10_13_x86_64.whl", hash = "sha256:d8da938f3748841a8754f2e1f0216902c1c8f8ae3720de8b32ccf8e6913a7c4f"},
    {file = "playwright-1.62.0-py3-none-macosx_11_0_arm64.whl", hash = "sha256:db755ab27db21a04186f1fe8169888e42356086e439b1059b923ef417f0b6034"},
    {file = "playwright-1.62.0-py3-none-macosx_11_0_universal2.whl", hash = "sha256:5108bd5b3e87169ddf269feee097da5893af7f8aea4634dfc840518d64c1f1da"},
    {file = "playwright-1.62.0-py3-none-manylinux1_x86_64.whl", hash = "sha256:ba33bae6a13b3d9d354c751cb618af357d20fe1d57767cbcce52079bbef17ad3"},
    {file = "playwright-1.62.0-py3-none-manylinux_2_17_aarch64.manylinux2014_aarch64.whl", hash = "sha256:db2d76613a57ad844362ce42f7d0c2fa26b19a4f7a46d4f76b891c631e6e5aff"},
    {file = "playwright-1.62.0-py3-none-win32.whl", hash = "sha256:e5614fa89355d7081457680324bb219f79f69c423c5cb6fa250e30b0d8aebf1c"},
    {file = "playwright-1.62.0-py3-none-win_amd64.whl", hash = "sha256:92c0d98ed04eb35af557b709875edba415b1f548bdb22ddb5bb3e1e6c835c2f1"},
    {file = "playwright-1.62.0-py3-none-win_arm64.whl", hash = "sha256:ea8d3055aa9d5a9f1832ac82517bd8b42c78fac7ebcbebb0107116735c8cb6a1"},
]

[[package]]
name = "pluggy"
version = "1.5.0"
requires_python = ">=3.8"
summary = "plugin and hook calling mechanisms for python"
groups = ["test"]
files = [
    {file = "pluggy-1.5.0-py3-none-any.whl", hash = "sha256:44e1ad92c8ca002de6377e165f3e0f1be63266ab4d554740532335b9d75ea669"},
    {file = "pluggy-1.5.0.tar.gz", hash = "sha256:2cffa88e94fdc978c4c574f15f9e59b7f4201d439195c3715ca9e2486f1d0cf1"},
]

[[package]]
name = "pydantic"
version = "2.13.5"
requires_python = ">=3.9"
summary = "Data validation using Python type hints"
groups = ["default"]
dependencies = [
    "annotated-types>=0.6.0",
    "pydantic-core==2.46.5",
    "typing-extensions>=4.14.1",
    "typing-inspection>=0.4.2",
]
files = [
    {file = "pydantic-2.13.5-py3-none-any.whl", hash = "sha256:346a034f080da3755d8e9cb5e00e8b07de1d39e4f6e2c87d8ab7cafa0b269a73"},
    {file = "pydantic-2.13.5.tar.gz", hash = "sha256:51a9c5f7b2f8e636f04c6cada605d9b6a3bf1348fdf945a3d8869b19bba0ee08"},
]

[[package]]
name = "pydantic-core"
version = "2.46.5"
requires_python = ">=3.9"
summary = "Core functionality for Pydantic validation and serialization"
groups = ["default"]
dependencies = [
    "typing-extensions>=4.14.1",
]
files = [
    {file = "pydantic_core-2.46.5-cp312-cp312-macosx_10_12_x86_64.whl", hash = "sha256:b9fe6fb92520e3fd61f2e49000b6911b188824f089b75973ea06d6267f0b476d"},
    {file = "pydantic_core-2.46.5-cp312-cp312-macosx_11_0_arm64.whl", hash = "sha256:a39ac25a9a2fa4072efdb429833c4a4c8009a51ff9eea3eeae131713cd27991e"},
    {file = "pydantic_core-2.46.5-cp312-cp312-manylinux_2_17_aarch64.manylinux2014_aarch64.whl", hash = "sha256:4fdc8b93a41521988916eeaa271173fcca7fa0803d62f87675aac8dcec1c8e29"},
    {file = "pydantic_core-2.46.5-cp312-cp312-manylinux_2_17_armv7l.manylinux2014_armv7l.whl", hash = "sha256:b98134087d9de723658d17a42c7d0da8d6e2ef08015dee7dc93889047315f5e4"},
    {file = "pydantic_core-2.46.5-cp312-cp312-manylinux_2_17_ppc64le.manylinux2014_ppc64le.whl", hash = "sha256:e652ab17569c94bff5475520f907b7148b8c24036a8ebbe5cf7cf7493d28579a"},
    {file = "pydantic_core-2.46.5-cp312-cp312-manylinux_2_17_s390x.manylinux2014_s390x.whl", hash = "sha256:d925f3d9afd05a8c0fb3a1031463a8d59ebe5e2afad297e29c78be19e13b4e62"},
    {file = "pydantic_core-2.46.5-cp312-cp312-manylinux_2_17_x86_64.manylinux2014_x86_64.whl", hash = "sha256:0fc5be0abd4a407e200d844b404e33639a554e7bd0d448e7b9ae181be4789ac2"},
    {file = "pydantic_core-2.46.5-cp312-cp312-manylinux_2_31_riscv64.whl", hash = "sha256:816ff0a6550ffc06c098ccd2e0698600f9aa7da192a79eaa6f9af504a35db869"},
    {file = "pydantic_core-2.46.5-cp312-cp312-manylinux_2_5_i686.manylinux1_i686.whl", hash = "sha256:c7ea57fc63aa7da93a1bd2d644e6577befae10c52c4e36377635eea1056a74f5"},
    {file = "pydantic_core-2.46.5-cp312-cp312-musllinux_1_1_aarch64.whl", hash = "sha256:efd62a42486f1bda5d24cb4f63d15a3c7768375fe83d36f9417b4ad7a2fb20b3"},
    {file = "pydantic_core-2.46.5-cp312-cp312-musllinux_1_1_armv7l.whl", hash = "sha256:2bc9419666990c06d7397831f2126a1ecc3594aaa3ff7de5bf2d066802f4e07b"},
    {file = "pydantic_core-2.46.5-cp312-cp312-musllinux_1_1_x86_64.whl", hash = "sha256:18a09e1e1011b462f2e32774f25859ef1223d5c2b0546a633cf56654710721e0"},
    {file = "pydantic_core-2.46.5-cp312-cp312-win32.whl", hash = "sha256:5cb482e9e84c851f4e623fe4acc1ced89168cf1fe18f7089db4548c8f5bbb65b"},
    {file = "pydantic_core-2.46.5-cp312-cp312-win_amd64.whl", hash = "sha256:5e81740c09e310f5aa5cbd3e434a01c154d4bef93241c7877b39f211d2b78ba8"},
    {file = "pydantic_core-2.46.5-cp312-cp312-win_arm64.whl", hash = "sha256:f7b0ec93a2893de856652154d73b7ba622f26fa97726487dcac373de5f4c6084"},
    {file = "pydantic_core-2.46.5-cp313-cp313-macosx_10_12_x86_64.whl", hash = "sha256:b7ca9034437b6022f941f4857459562ee00a560b97e7cce8a0ec5a74fc6766e0"},
    {file = "pydantic_core-2.46.5-cp313-cp313-macosx_11_0_arm64.whl", hash = "sha256:f332f0e72a5a0400141f830744e141bf9f97917878dbe968669e8a7fefea78ff"},
    {file = "pydantic_core-2.46.5-cp313-cp313-manylinux_2_17_aarch64.manylinux2014_aarch64.whl", hash = "sha256:193375f3548919d3f0b60936ca113ada3e38f264f91b9b8e0508efaad57be931"},
    {file = "pydantic_core-2.46.5-cp313-cp313-manylinux_2_17_armv7l.manylinux2014_armv7l.whl", hash = "sha256:79bdfa52f843137045b2d081cc05c120ba6665d29b7559c2c47690906f39279f"},
    {file = "pydantic_core-2.46.5-cp313-cp313-manylinux_2_17_ppc64le.manylinux2014_ppc64le.whl", hash = "sha256:24922243639cbdac66c75fcb6fd6495a9cb52b213d62f9a0d16f0310b1ff8038"},
    {file = "pydantic_core-2.46.5-cp313-cp313-manylinux_2_17_s390x.manylinux2014_s390x.whl", hash = "sha256:c76fe65e607be28c7fd4d56fc3c42b1583aa058ce3408b7ad0fd540171d31f9f"},
    {file = "pydantic_core-2.46.5-cp313-cp313-manylinux_2_17_x86_64.manylinux2014_x86_64.whl", hash = "sha256:6f7b393a8b3da82f5c1fc0751e6d01ac6c55b93c18226a60bdfba4a724efafd1"},
    {file = "pydantic_core-2.46.5-cp313-cp313-manylinux_2_31_riscv64.whl", hash = "sha256:7ac031912d54f3d83ef3b3eb98dfabc1608802e2202263d25957eeed40b94761"},
    {file = "pydantic_core-2.46.5-cp313-cp313-manylinux_2_5_i686.manylinux1_i686.whl", hash = "sha256:837b396ca3d7b74091ca623f6cbd8351bd42d670a79c2683e79fb089f06a2de5"},
    {file = "pydantic_core-2.46.5-cp313-cp313-musllinux_1_1_aarch64.whl", hash = "sha256:5ee239d575f80b08eca11f6e20f90c4c695de7825c67eefe6091fbf20dda648e"},
    {file = "pydantic_core-2.46.5-cp313-cp313-musllinux_1_1_armv7l.whl", hash = "sha256:e80675d75ae2cd14372cb65cad5400d9347a3d3f6c13000183f22dfd027283ed"},
    {file = "pydantic_core-2.46.5-cp313-cp313-musllinux_1_1_x86_64.whl", hash = "sha256:9c4b71f10dd532fb7a5cbc8f58707779e64f03a258c2bf8bfbaecfcd9970b519"},
    {file = "pydantic_core-2.46.5-cp313-cp313-win32.whl", hash = "sha256:97bf8de4d541598c94a59344eeb988a94c08ff76b5723c41f6567ec18c7892ea"},
    {file = "pydantic_core-2.46.5-cp313-cp313-win_amd64.whl", hash = "sha256:15f4a94963c95accac15b7b657bb177d3ad82bb90b0d0526d9a9b85079925db5"},
    {file = "pydantic_core-2.46.5-cp313-cp313-win_arm64.whl", hash = "sha256:d22a945598fb91236b4dd793a6e42e4f3dd7740bb5aace5ebd7d4c08d13bb575"},
    {file = "pydantic_core-2.46.5.tar.gz", hash = "sha256:10416c15b8839ecc4ef4d0885da76da6fd0f67333a0eb8aff6d93c4b8f2910fc"},
]

[[package]]
name = "pyee"
version = "13.0.1"
requires_python = ">=3.8"
summary = "A rough port of Node.js's EventEmitter to Python with a few tricks of its own"
groups = ["default", "test"]
dependencies = [
    "typing-extensions",
]
files = [
    {file = "pyee-13.0.1-py3-none-any.whl", hash = "sha256:af2f8fede4171ef667dfded53f96e2ed0d6e6bd7ee3bb46437f77e3b57689228"},
    {file = "pyee-13.0.1.tar.gz", hash = "sha256:0b931f7c14535667ed4c7e0d531716368715e860b988770fc7eb8578d1f67fc8"},
]

[[package]]
name = "pygments"
version = "2.21.0"
requires_python = ">=3.9"
summary = "Pygments is a syntax highlighting package written in Python."
groups = ["test"]
files = [
    {file = "pygments-2.21.0-py3-none-any.whl", hash = "sha256:2363c69b61c4a97c838da3b130dcd6468f4848992b21a82f2a63ec34377137d9"},
    {file = "pygments-2.21.0.tar.gz", hash = "sha256:610ca751c9bc2492b38eb9a38a7fbc93edbbb2d7182edaf34e66ae493dee5c8c"},
]

[[package]]
name = "pyside6"
version = "6.8.0.2"
requires_python = "<3.14,>=3.9"
summary = "Python bindings for the Qt cross-platform application and UI framework"
groups = ["gui"]
dependencies = [
    "PySide6-Addons==6.8.0.2",
    "PySide6-Essentials==6.8.0.2",
    "shiboken6==6.8.0.2",
]
files = [
    {file = "PySide6-6.8.0.2-cp39-abi3-macosx_12_0_universal2.whl", hash = "sha256:cecc6ce1da6cb04542ff5a0887734f63e6ecf54258d1786285b9c7904abd9b01"},
    {file = "PySide6-6.8.0.2-cp39-abi3-manylinux_2_28_x86_64.whl", hash = "sha256:3258f3c63dc5053b8d5b8d2588caca8bb3a36e2f74413511e4676df0e73b6f1e"},
    {file = "PySide6-6.8.0.2-cp39-abi3-manylinux_2_31_aarch64.whl", hash = "sha256:6a25cf784f978fa2a23b4d089970b27ebe14d26adcaf38b2819cb04483de4ce9"},
    {file = "PySide6-6.8.0.2-cp39-abi3-win_amd64.whl", hash = "sha256:3e8fffca9a934e30c07c3f34bb572f84bfcf02385acbc715e65fbdd9746ecc2b"},
]

[[package]]
name = "pyside6-addons"
version = "6.8.0.2"
requires_python = "<3.14,>=3.9"
summary = "Python bindings for the Qt cross-platform application and UI framework (Addons)"
groups = ["gui"]
dependencies = [
    "PySide6-Essentials==6.8.0.2",
    "shiboken6==6.8.0.2",
]
files = [
    {file = "PySide6_Addons-6.8.0.2-cp39-abi3-macosx_12_0_universal2.whl", hash = "sha256:30c9ca570dd18ffbfd34ee95e0a319c34313a80425c4011d6ccc9f4cca0dc4c8"},
    {file = "PySide6_Addons-6.8.0.2-cp39-abi3-manylinux_2_28_x86_64.whl", hash = "sha256:754a9822ab2dc313f9998edef69d8a12bc9fd61727543f8d30806ed272ae1e52"},
    {file = "PySide6_Addons-6.8.0.2-cp39-abi3-manylinux_2_31_aarch64.whl", hash = "sha256:553f3fa412f423929b5cd8b7d43fd5f02161851f10a438174a198b0f1a044df7"},
    {file = "PySide6_Addons-6.8.0.2-cp39-abi3-win_amd64.whl", hash = "sha256:ae4377a3e10fe720a9119677b31d8de13e2a5221c06b332df045af002f5f4c3d"},
]

[[package]]
name = "pyside6-essentials"
version = "6.8.0.2"
requires_python = "<3.14,>=3.9"
summary = "Python bindings for the Qt cross-platform application and UI framework (Essentials)"
groups = ["gui"]
dependencies = [
    "shiboken6==6.8.0.2",
]
files = [
    {file = "PySide6_Essentials-6.8.0.2-cp39-abi3-macosx_12_0_universal2.whl", hash = "sha256:3df4ed75bbb74d74ac338b330819b1a272e7f5cec206765c7176a197c8bc9c79"},
    {file = "PySide6_Essentials-6.8.0.2-cp39-abi3-manylinux_2_28_x86_64.whl", hash = "sha256:7df6d6c1da4858dbdea77c74d7270d9c68e8d1bbe3362892abd1a5ade3815a50"},
    {file = "PySide6_Essentials-6.8.0.2-cp39-abi3-manylinux_2_31_aarch64.whl", hash = "sha256:cf490145d18812a6cff48b0b0afb0bfaf7066744bfbd09eb071c3323f1d6d00d"},
    {file = "PySide6_Essentials-6.8.0.2-cp39-abi3-win_amd64.whl", hash = "sha256:d2f029b8c9f0106f57b26aa8c435435d7f509c80525075343e07177b283f862e"},
]

[[package]]
name = "pytest"
version = "9.1.1"
requires_python = ">=3.10"
summary = "pytest: simple powerful testing with Python"
groups = ["test"]
dependencies = [
    "colorama>=0.4; sys_platform == \"win32\"",
    "exceptiongroup>=1; python_version < \"3.11\"",
    "iniconfig>=1.0.1",
    "packaging>=22",
    "pluggy<2,>=1.5",
    "pygments>=2.7.2",
    "tomli>=1; python_version < \"3.11\"",
]
files = [
    {file = "pytest-9.1.1-py3-none-any.whl", hash = "sha256:37a86b45efb9a47a61a36449063e8e18d0cab3161329fc099eb21783169c4f0c"},
    {file = "pytest-9.1.1.tar.gz", hash = "sha256:1088fbde8f2b49d95a549a195707afa7a76a3ce9bcadc26b6d71f0ffda5fe313"},
]

[[package]]
name = "pytest-asyncio"
version = "1.4.0"
requires_python = ">=3.10"
summary = "Pytest support for asyncio"
groups = ["test"]
dependencies = [
    "backports-asyncio-runner<2,>=1.1; python_version < \"3.11\"",
    "pytest<10,>=8.4",
    "typing-extensions>=4.12; python_version < \"3.13\"",
]
files = [
    {file = "pytest_asyncio-1.4.0-py3-none-any.whl", hash = "sha256:933ca923a23075a87fb7070c0ec272a6848489824d887c85c812670932835aa1"},
    {file = "pytest_asyncio-1.4.0.tar.gz", hash = "sha256:c6c0d2259945122819f171a32ecea2c349ead889ee28176caaf492143424be42"},
]

[[package]]
name = "pytest-base-url"
version = "2.1.0"
requires_python = ">=3.8"
summary = "pytest plugin for URL based testing"
groups = ["test"]
dependencies = [
    "pytest>=7.0.0",
    "requests>=2.9",
]
files = [
    {file = "pytest_base_url-2.1.0-py3-none-any.whl", hash = "sha256:3ad15611778764d451927b2a53240c1a7a591b521ea44cebfe45849d2d2812e6"},
    {file = "pytest_base_url-2.1.0.tar.gz", hash = "sha256:02748589a54f9e63fcbe62301d6b0496da0d10231b753e950c63e03aee745d45"},
]

[[package]]
name = "pytest-cov"
version = "7.1.0"
requires_python = ">=3.9"
summary = "Pytest plugin for measuring coverage."
groups = ["test"]
dependencies = [
    "coverage[toml]>=7.10.6",
    "pluggy>=1.2",
    "pytest>=7",
]
files = [
    {file = "pytest_cov-7.1.0-py3-none-any.whl", hash = "sha256:a0461110b7865f9a271aa1b51e516c9a95de9d696734a2f71e3e78f46e1d4678"},
    {file = "pytest_cov-7.1.0.tar.gz", hash = "sha256:30674f2b5f6351aa09702a9c8c364f6a01c27aae0c1366ae8016160d1efc56b2"},
]

[[package]]
name = "pytest-playwright"
version = "0.9.0"
requires_python = ">=3.10"
summary = "A pytest wrapper with fixtures for Playwright to automate web browsers"
groups = ["test"]
dependencies = [
    "playwright>=1.18",
    "pytest-base-url<3.0.0,>=1.0.0",
    "pytest<10.0.0,>=6.2.4",
    "python-slugify<9.0.0,>=6.0.0",
]
files = [
    {file = "pytest_playwright-0.9.0-py3-none-any.whl", hash = "sha256:9d9dc74e335c647944cecfffa706cc9e6e4bf4c25e84592c128b584d494d4471"},
    {file = "pytest_playwright-0.9.0.tar.gz", hash = "sha256:bd44daa852b0fb8b0e55a2f88b727507dedda0e350bea5d09420647252f2454b"},
]

[[package]]
name = "pytest-ruff"
version = "0.5"
requires_python = "<4.0,>=3.8"
summary = "pytest plugin to check ruff requirements."
groups = ["test"]
dependencies = [
    "pytest>=5",
    "ruff>=0.0.242",
]
files = [
    {file = "pytest_ruff-0.5-py3-none-any.whl", hash = "sha256:d9db170d86fb167008e6702b4d79e2cccd8287f069c3a57f9261831cebdc4a31"},
    {file = "pytest_ruff-0.5.tar.gz", hash = "sha256:f611c780fc2b9b8d7041fa0e7589f0a9f352b288d0cfc330881101b35d382063"},
]

[[package]]
name = "python-slugify"
version = "8.0.4"
requires_python = ">=3.7"
summary = "A Python slugify application that also handles Unicode"
groups = ["test"]
dependencies = [
    "text-unidecode>=1.3",
]
files = [
    {file = "python-slugify-8.0.4.tar.gz", hash = "sha256:59202371d1d05b54a9e7720c5e038f928f45daaffe41dd10822f3907b937c856"},
    {file = "python_slugify-8.0.4-py2.py3-none-any.whl", hash = "sha256:276540b79961052b66b7d116620b36518847f52d5fd9e3a70164fc8c50faa6b8"},
]

[[package]]
name = "requests"
version = "2.32.3"
requires_python = ">=3.8"
summary = "Python HTTP for Humans."
groups = ["test"]
dependencies = [
    "certifi>=2017.4.17",
    "charset-normalizer<4,>=2",
    "idna<4,>=2.5",
    "urllib3<3,>=1.21.1",
]
files = [
    {file = "requests-2.32.3-py3-none-any.whl", hash = "sha256:70761cfe03c773ceb22aa2f671b4757976145175cdfca038c02654d061d6dcc6"},
    {file = "requests-2.32.3.tar.gz", hash = "sha256:55365417734eb18255590a9ff9eb97e9e1da868d4ccd6402399eaf68af20a760"},
]

[[package]]
name = "ruff"
version = "0.8.4"
requires_python = ">=3.7"
summary = "An extremely fast Python linter and code formatter, written in Rust."
groups = ["test"]
files = [
    {file = "ruff-0.8.4-py3-none-linux_armv6l.whl", hash = "sha256:58072f0c06080276804c6a4e21a9045a706584a958e644353603d36ca1eb8a60"},
    {file = "ruff-0.8.4-py3-none-macosx_10_12_x86_64.whl", hash = "sha256:ffb60904651c00a1e0b8df594591770018a0f04587f7deeb3838344fe3adabac"},
    {file = "ruff-0.8.4-py3-none-macosx_11_0_arm64.whl", hash = "sha256:6ddf5d654ac0d44389f6bf05cee4caeefc3132a64b58ea46738111d687352296"},
    {file = "ruff-0.8.4-py3-none-manylinux_2_17_aarch64.manylinux2014_aarch64.whl", hash = "sha256:e248b1f0fa2749edd3350a2a342b67b43a2627434c059a063418e3d375cfe643"},
    {file = "ruff-0.8.4-py3-none-manylinux_2_17_armv7l.manylinux2014_armv7l.whl", hash = "sha256:bf197b98ed86e417412ee3b6c893f44c8864f816451441483253d5ff22c0e81e"},
    {file = "ruff-0.8.4-py3-none-manylinux_2_17_i686.manylinux2014_i686.whl", hash = "sha256:c41319b85faa3aadd4d30cb1cffdd9ac6b89704ff79f7664b853785b48eccdf3"},
    {file = "ruff-0.8.4-py3-none-manylinux_2_17_ppc64.manylinux2014_ppc64.whl", hash = "sha256:9f8402b7c4f96463f135e936d9ab77b65711fcd5d72e5d67597b543bbb43cf3f"},
    {file = "ruff-0.8.4-py3-none-manylinux_2_17_ppc64le.manylinux2014_ppc64le.whl", hash = "sha256:e4e56b3baa9c23d324ead112a4fdf20db9a3f8f29eeabff1355114dd96014604"},
    {file = "ruff-0.8.4-py3-none-manylinux_2_17_s390x.manylinux2014_s390x.whl", hash = "sha256:736272574e97157f7edbbb43b1d046125fce9e7d8d583d5d65d0c9bf2c15addf"},
    {file = "ruff-0.8.4-py3-none-manylinux_2_17_x86_64.manylinux2014_x86_64.whl", hash = "sha256:e5fe710ab6061592521f902fca7ebcb9fabd27bc7c57c764298b1c1f15fff720"},
    {file = "ruff-0.8.4-py3-none-musllinux_1_2_aarch64.whl", hash = "sha256:13e9ec6d6b55f6da412d59953d65d66e760d583dd3c1c72bf1f26435b5bfdbae"},
    {file = "ruff-0.8.4-py3-none-musllinux_1_2_armv7l.whl", hash = "sha256:97d9aefef725348ad77d6db98b726cfdb075a40b936c7984088804dfd38268a7"},
    {file = "ruff-0.8.4-py3-none-musllinux_1_2_i686.whl", hash = "sha256:ab78e33325a6f5374e04c2ab924a3367d69a0da36f8c9cb6b894a62017506111"},
    {file = "ruff-0.8.4-py3-none-musllinux_1_2_x86_64.whl", hash = "sha256:8ef06f66f4a05c3ddbc9121a8b0cecccd92c5bf3dd43b5472ffe40b8ca10f0f8"},
    {file = "ruff-0.8.4-py3-none-win32.whl", hash = "sha256:552fb6d861320958ca5e15f28b20a3d071aa83b93caee33a87b471f99a6c0835"},
    {file = "ruff-0.8.4-py3-none-win_amd64.whl", hash = "sha256:f21a1143776f8656d7f364bd264a9d60f01b7f52243fbe90e7670c0dfe0cf65d"},
    {file = "ruff-0.8.4-py3-none-win_arm64.whl", hash = "sha256:9183dd615d8df50defa8b1d9a074053891ba39025cf5ae88e8bcb52edcc4bf08"},
    {file = "ruff-0.8.4.tar.gz", hash = "sha256:0d5f89f254836799af1615798caa5f80b7f935d7a670fad66c5007928e57ace8"},
]

[[package]]
name = "semver"
version = "3.0.4"
requires_python = ">=3.7"
summary = "Python helper for Semantic Versioning (https://semver.org)"
groups = ["default"]
files = [
    {file = "semver-3.0.4-py3-none-any.whl", hash = "sha256:9c824d87ba7f7ab4a1890799cec8596f15c1241cb473404ea1cb0c55e4b04746"},
    {file = "semver-3.0.4.tar.gz", hash = "sha256:afc7d8c584a5ed0a11033af086e8af226a9c0b206f313e0301f8dd7b6b589602"},
]

[[package]]
name = "shiboken6"
version = "6.8.0.2"
requires_python = "<3.14,>=3.9"
summary = "Python/C++ bindings helper module"
groups = ["gui"]
files = [
    {file = "shiboken6-6.8.0.2-cp39-abi3-macosx_12_0_universal2.whl", hash = "sha256:9019e1fcfeed8bb350222e981748ef05a2fec11e31ddf616657be702f0b7a468"},
    {file = "shiboken6-6.8.0.2-cp39-abi3-manylinux_2_28_x86_64.whl", hash = "sha256:fa7d411c3c67b4296847b3f5f572268e219d947d029ff9d8bce72fe6982d92bc"},
    {file = "shiboken6-6.8.0.2-cp39-abi3-manylinux_2_31_aarch64.whl", hash = "sha256:1aaa8b7f9138818322ef029b2c487d1c6e00dc3f53084e62e1d11bdea47e47c2"},
    {file = "shiboken6-6.8.0.2-cp39-abi3-win_amd64.whl", hash = "sha256:b11e750e696bb565d897e0f5836710edfb86bd355f87b09988bd31b2aad404d3"},
]

[[package]]
name = "text-unidecode"
version = "1.3"
summary = "The most basic Text::Unidecode port"
groups = ["test"]
files = [
    {file = "text-unidecode-1.3.tar.gz", hash = "sha256:bad6603bb14d279193107714b288be206cac565dfa49aa5b105294dd5c4aab93"},
    {file = "text_unidecode-1.3-py2.py3-none-any.whl", hash = "sha256:1311f10e8b895935241623731c2ba64f4c455287888b18189350b67134a822e8"},
]

[[package]]
name = "typing-extensions"
version = "4.16.0"
requires_python = ">=3.9"
summary = "Backported and Experimental Type Hints for Python 3.9+"
groups = ["default", "test"]
files = [
    {file = "typing_extensions-4.16.0-py3-none-any.whl", hash = "sha256:481caa481374e813c1b176ada14e97f1f67a4539ce9cfeb3f350d78d6370c2e8"},
    {file = "typing_extensions-4.16.0.tar.gz", hash = "sha256:dc983d19a509c94dba722ee6abd33940f7c05a89e243c47e907eb4db6f1a43e5"},
]

[[package]]
name = "typing-inspection"
version = "0.4.4"
requires_python = ">=3.10"
summary = "Runtime typing introspection tools"
groups = ["default"]
dependencies = [
    "typing-extensions>=4.15.0",
]
files = [
    {file = "typing_inspection-0.4.4-py3-none-any.whl", hash = "sha256:65b8397ba37ccbce054456aaccddfc91e6e3083c92824df348d96ca832f3f147"},
    {file = "typing_inspection-0.4.4.tar.gz", hash = "sha256:547274fa6b0a561ccf549cc9524b999a578e737d015d8709d021f9d0d13bea47"},
]

[[package]]
name = "urllib3"
version = "2.3.0"
requires_python = ">=3.9"
summary = "HTTP library with thread-safe connection pooling, file post, and more."
groups = ["test"]
files = [
    {file = "urllib3-2.3.0-py3-none-any.whl", hash = "sha256:1cee9ad369867bfdbbb48b7dd50374c0967a0bb7710050facf0dd6911440e3df"},
    {file = "urllib3-2.3.0.tar.gz", hash = "sha256:f8c5449b3cf0861679ce7e0503c7b44b5ec981bec0d1d3795a07f1ba96f0204d"},
]

[[package]]
name = "uvloop"
version = "0.22.1"
requires_python = ">=3.8.1"
summary = "Fast implementation of asyncio event loop on top of libuv"
groups = ["uvloop"]
files = [
    {file = "uvloop-0.22.1-cp312-cp312-macosx_10_13_universal2.whl", hash = "sha256:fe94b4564e865d968414598eea1a6de60adba0c040ba4ed05ac1300de402cd42"},
    {file = "uvloop-0.22.1-cp312-cp312-macosx_10_13_x86_64.whl", hash = "sha256:51eb9bd88391483410daad430813d982010f9c9c89512321f5b60e2cddbdddd6"},
    {file = "uvloop-0.22.1-cp312-cp312-manylinux2014_aarch64.manylinux_2_17_aarch64.manylinux_2_28_aarch64.whl", hash = "sha256:700e674a166ca5778255e0e1dc4e9d79ab2acc57b9171b79e65feba7184b3370"},
    {file = "uvloop-0.22.1-cp312-cp312-manylinux2014_x86_64.manylinux_2_17_x86_64.manylinux_2_28_x86_64.whl", hash = "sha256:7b5b1ac819a3f946d3b2ee07f09149578ae76066d70b44df3fa990add49a82e4"},
    {file = "uvloop-0.22.1-cp312-cp312-musllinux_1_2_aarch64.whl", hash = "sha256:e047cc068570bac9866237739607d1313b9253c3051ad84738cbb095be0537b2"},
    {file = "uvloop-0.22.1-cp312-cp312-musllinux_1_2_x86_64.whl", hash = "sha256:512fec6815e2dd45161054592441ef76c830eddaad55c8aa30952e6fe1ed07c0"},
    {file = "uvloop-0.22.1-cp313-cp313-macosx_10_13_universal2.whl", hash = "sha256:561577354eb94200d75aca23fbde86ee11be36b00e52a4eaf8f50fb0c86b7705"},
    {file = "uvloop-0.22.1-cp313-cp313-macosx_10_13_x86_64.whl", hash = "sha256:1cdf5192ab3e674ca26da2eada35b288d2fa49fdd0f357a19f0e7c4e7d5077c8"},
    {file = "uvloop-0.22.1-cp313-cp313-manylinux2014_aarch64.manylinux_2_17_aarch64.manylinux_2_28_aarch64.whl", hash = "sha256:6e2ea3d6190a2968f4a14a23019d3b16870dd2190cd69c8180f7c632d21de68d"},
    {file = "uvloop-0.22.1-cp313-cp313-manylinux2014_x86_64.manylinux_2_17_x86_64.manylinux_2_28_x86_64.whl", hash = "sha256:0530a5fbad9c9e4ee3f2b33b148c6a64d47bbad8000ea63704fa8260f4cf728e"},
    {file = "uvloop-0.22.1-cp313-cp313-musllinux_1_2_aarch64.whl", hash = "sha256:bc5ef13bbc10b5335792360623cc378d52d7e62c2de64660616478c32cd0598e"},
    {file = "uvloop-0.22.1-cp313-cp313-musllinux_1_2_x86_64.whl", hash = "sha256:1f38ec5e3f18c8a10ded09742f7fb8de0108796eb673f30ce7762ce1b8550cad"},
    {file = "uvloop-0.22.1.tar.gz", hash = "sha256:6c84bae345b9147082b17371e3dd5d42775bddce91f885499017f4607fdaf39f"},
]
